{
  "version": 4,
  "terraform_version": "1.9.5",
  "serial": 1,
  "lineage": "2010a843-8158-bb31-3593-d95591c82ae4",
  "outputs": {},
  "resources": [
    {
      "mode": "managed",
      "type": "aws_vpc",
      "name": "vpc_virginia",
      "provider": "provider[\"registry.terraform.io/hashicorp/aws\"]",
      "instances": [
        {
          "schema_version": 1,
          "attributes": {
            "arn": "arn:aws:ec2:us-east-1:825765400631:vpc/vpc-01620e82c18b78262",
            "assign_generated_ipv6_cidr_block": false,
            "cidr_block": "10.0.0.0/16",
            "default_network_acl_id": "acl-07927df60cf7fb7e4",
            "default_route_table_id": "rtb-01ed451184434873b",
            "default_security_group_id": "sg-0f890eb54fb6700bb",
            "dhcp_options_id": "dopt-0bf55d22ce621e26d",
            "enable_classiclink": false,
            "enable_classiclink_dns_support": false,
            "enable_dns_hostnames": false,
            "enable_dns_support": true,
            "enable_network_address_usage_metrics": false,
            "id": "vpc-01620e82c18b78262",
            "instance_tenancy": "default",
            "ipv4_ipam_pool_id": null,
            "ipv4_netmask_length": null,
            "ipv6_association_id": "",
            "ipv6_cidr_block": "",
            "ipv6_cidr_block_network_border_group": "",
            "ipv6_ipam_pool_id": "",
            "ipv6_netmask_length": 0,
            "main_route_table_id": "rtb-01ed451184434873b",
            "owner_id": "825765400631",
            "tags": {
              "env": "Dev",
              "name": "prueba"
            },
            "tags_all": {
              "env": "Dev",
              "name": "prueba"
            }
          },
          "sensitive_attributes": [],
          "private": "eyJzY2hlbWFfdmVyc2lvbiI6IjEifQ=="
        }
      ]
    }
  ],
  "check_results": null
}
